# THIS IS AN AUTOGENERATED FILE. DO NOT EDIT THIS FILE DIRECTLY.
# yarn lockfile v1


split.js@^1.6.5:
  version "1.6.5"
  resolved "https://registry.yarnpkg.com/split.js/-/split.js-1.6.5.tgz#f7f61da1044c9984cb42947df4de4fadb5a3f300"
  integrity sha512-mPTnGCiS/RiuTNsVhCm9De9cCAUsrNFFviRbADdKiiV+Kk8HKp/0fWu7Kr8pi3/yBmsqLFHuXGT9UUZ+CNLwFw==
